
Microsoft Visual Studio Solution File, Format Version 12.00
# Visual Studio Version 16
VisualStudioVersion = 16.0.31205.134
MinimumVisualStudioVersion = 10.0.40219.1
Project("{9A19103F-16F7-4668-BE54-9A1E7A4F7556}") = "empty-addin-sdk", "templates\empty-addin-sdk\empty-addin-sdk.csproj", "{FFAF333D-1803-433E-84D9-095D6998BA58}"
EndProject
Project("{9A19103F-16F7-4668-BE54-9A1E7A4F7556}") = "nifty-addin-sdk", "templates\nifty-addin-sdk\nifty-addin-sdk.csproj", "{EA0563A3-9787-4DD0-9240-BF0B19364129}"
EndProject
Global
	GlobalSection(SolutionConfigurationPlatforms) = preSolution
		Debug|Any CPU = Debug|Any CPU
		Release|Any CPU = Release|Any CPU
	EndGlobalSection
	GlobalSection(ProjectConfigurationPlatforms) = postSolution
		{FFAF333D-1803-433E-84D9-095D6998BA58}.Debug|Any CPU.ActiveCfg = Debug|Any CPU
		{FFAF333D-1803-433E-84D9-095D6998BA58}.Debug|Any CPU.Build.0 = Debug|Any CPU
		{FFAF333D-1803-433E-84D9-095D6998BA58}.Release|Any CPU.ActiveCfg = Release|Any CPU
		{FFAF333D-1803-433E-84D9-095D6998BA58}.Release|Any CPU.Build.0 = Release|Any CPU
		{EA0563A3-9787-4DD0-9240-BF0B19364129}.Debug|Any CPU.ActiveCfg = Debug|Any CPU
		{EA0563A3-9787-4DD0-9240-BF0B19364129}.Debug|Any CPU.Build.0 = Debug|Any CPU
		{EA0563A3-9787-4DD0-9240-BF0B19364129}.Release|Any CPU.ActiveCfg = Release|Any CPU
		{EA0563A3-9787-4DD0-9240-BF0B19364129}.Release|Any CPU.Build.0 = Release|Any CPU
	EndGlobalSection
	GlobalSection(SolutionProperties) = preSolution
		HideSolutionNode = FALSE
	EndGlobalSection
	GlobalSection(ExtensibilityGlobals) = postSolution
		SolutionGuid = {B0FCDDAF-7930-432C-9B05-7E2F92A81F08}
	EndGlobalSection
EndGlobal
